
Microsoft Visual Studio Solution File, Format Version 12.00
# Visual Studio 14
VisualStudioVersion = 14.0.22609.0
MinimumVisualStudioVersion = 10.0.40219.1
Project("{FAE04EC0-301F-11D3-BF4B-00C04F79EFBC}") = "XmlRefactoringTest", "XmlRefactoringTest\XmlRefactoringTest.csproj", "{C0EC9063-C50C-4BCF-A09E-A7D13060E842}"
EndProject
Global
	GlobalSection(SolutionConfigurationPlatforms) = preSolution
		Debug|Any CPU = Debug|Any CPU
		Release|Any CPU = Release|Any CPU
	EndGlobalSection
	GlobalSection(ProjectConfigurationPlatforms) = postSolution
		{C0EC9063-C50C-4BCF-A09E-A7D13060E842}.Debug|Any CPU.ActiveCfg = Debug|Any CPU
		{C0EC9063-C50C-4BCF-A09E-A7D13060E842}.Debug|Any CPU.Build.0 = Debug|Any CPU
		{C0EC9063-C50C-4BCF-A09E-A7D13060E842}.Release|Any CPU.ActiveCfg = Release|Any CPU
		{C0EC9063-C50C-4BCF-A09E-A7D13060E842}.Release|Any CPU.Build.0 = Release|Any CPU
	EndGlobalSection
	GlobalSection(SolutionProperties) = preSolution
		HideSolutionNode = FALSE
	EndGlobalSection
	GlobalSection(TeamFoundationVersionControl) = preSolution
		SccNumberOfProjects = 1
		SccEnterpriseProvider = {4CA58AB2-18FA-4F8D-95D4-32DDF27D184C}
		SccTeamFoundationServer = https://jlattimer.visualstudio.com/defaultcollection
		SccProjectUniqueName0 = XmlRefactoringTest\\XmlRefactoringTest.csproj
		SccProjectName0 = XmlRefactoringTest
		SccAuxPath0 = https://jlattimer.visualstudio.com/defaultcollection
		SccLocalPath0 = XmlRefactoringTest
		SccProvider0 = {4CA58AB2-18FA-4F8D-95D4-32DDF27D184C}
	EndGlobalSection
EndGlobal
