
Microsoft Visual Studio Solution File, Format Version 12.00
# Visual Studio 14
VisualStudioVersion = 14.0.22609.0
MinimumVisualStudioVersion = 10.0.40219.1
Project("{FAE04EC0-301F-11D3-BF4B-00C04F79EFBC}") = "BlockAnalyzer", "BlockAnalyzer\BlockAnalyzer\BlockAnalyzer.csproj", "{C1AF2303-39DC-45A7-8660-071DC0E2E6EF}"
EndProject
Project("{FAE04EC0-301F-11D3-BF4B-00C04F79EFBC}") = "BlockAnalyzer.Vsix", "BlockAnalyzer\BlockAnalyzer.Vsix\BlockAnalyzer.Vsix.csproj", "{BB04C83C-58D5-494B-B1E6-7DD6C7D7EE61}"
EndProject
Global
	GlobalSection(SolutionConfigurationPlatforms) = preSolution
		Debug|Any CPU = Debug|Any CPU
		Release|Any CPU = Release|Any CPU
	EndGlobalSection
	GlobalSection(ProjectConfigurationPlatforms) = postSolution
		{C1AF2303-39DC-45A7-8660-071DC0E2E6EF}.Debug|Any CPU.ActiveCfg = Debug|Any CPU
		{C1AF2303-39DC-45A7-8660-071DC0E2E6EF}.Debug|Any CPU.Build.0 = Debug|Any CPU
		{C1AF2303-39DC-45A7-8660-071DC0E2E6EF}.Release|Any CPU.ActiveCfg = Release|Any CPU
		{C1AF2303-39DC-45A7-8660-071DC0E2E6EF}.Release|Any CPU.Build.0 = Release|Any CPU
		{BB04C83C-58D5-494B-B1E6-7DD6C7D7EE61}.Debug|Any CPU.ActiveCfg = Debug|Any CPU
		{BB04C83C-58D5-494B-B1E6-7DD6C7D7EE61}.Debug|Any CPU.Build.0 = Debug|Any CPU
		{BB04C83C-58D5-494B-B1E6-7DD6C7D7EE61}.Release|Any CPU.ActiveCfg = Release|Any CPU
		{BB04C83C-58D5-494B-B1E6-7DD6C7D7EE61}.Release|Any CPU.Build.0 = Release|Any CPU
	EndGlobalSection
	GlobalSection(SolutionProperties) = preSolution
		HideSolutionNode = FALSE
	EndGlobalSection
EndGlobal
