
Microsoft Visual Studio Solution File, Format Version 12.00
# Visual Studio 14
VisualStudioVersion = 14.0.22609.0
MinimumVisualStudioVersion = 10.0.40219.1
Project("{FAE04EC0-301F-11D3-BF4B-00C04F79EFBC}") = "BlockAnalyzerTest", "BlockAnalyzerTest\BlockAnalyzerTest.csproj", "{F74EE8DA-B92D-4B49-88F1-FB8EF1DF406D}"
EndProject
Global
	GlobalSection(SolutionConfigurationPlatforms) = preSolution
		Debug|Any CPU = Debug|Any CPU
		Release|Any CPU = Release|Any CPU
	EndGlobalSection
	GlobalSection(ProjectConfigurationPlatforms) = postSolution
		{F74EE8DA-B92D-4B49-88F1-FB8EF1DF406D}.Debug|Any CPU.ActiveCfg = Debug|Any CPU
		{F74EE8DA-B92D-4B49-88F1-FB8EF1DF406D}.Debug|Any CPU.Build.0 = Debug|Any CPU
		{F74EE8DA-B92D-4B49-88F1-FB8EF1DF406D}.Release|Any CPU.ActiveCfg = Release|Any CPU
		{F74EE8DA-B92D-4B49-88F1-FB8EF1DF406D}.Release|Any CPU.Build.0 = Release|Any CPU
	EndGlobalSection
	GlobalSection(SolutionProperties) = preSolution
		HideSolutionNode = FALSE
	EndGlobalSection
EndGlobal
